// !$*UTF8*$!
{
	archiveVersion = 1;
	classes = {
	};
	objectVersion = 50;
	objects = {

/* Begin PBXBuildFile section */
		BB3FF849240EA6A200E5272D /* AppDelegate.swift in Sources */ = {isa = PBXBuildFile; fileRef = BB3FF848240EA6A200E5272D /* AppDelegate.swift */; };
		BB3FF84B240EA6A200E5272D /* SceneDelegate.swift in Sources */ = {isa = PBXBuildFile; fileRef = BB3FF84A240EA6A200E5272D /* SceneDelegate.swift */; };
		BB3FF84D240EA6A200E5272D /* ViewController.swift in Sources */ = {isa = PBXBuildFile; fileRef = BB3FF84C240EA6A200E5272D /* ViewController.swift */; };
		BB3FF850240EA6A200E5272D /* Main.storyboard in Resources */ = {isa = PBXBuildFile; fileRef = BB3FF84E240EA6A200E5272D /* Main.storyboard */; };
		BB3FF852240EA6A200E5272D /* Assets.xcassets in Resources */ = {isa = PBXBuildFile; fileRef = BB3FF851240EA6A200E5272D /* Assets.xcassets */; };
		BB3FF855240EA6A200E5272D /* LaunchScreen.storyboard in Resources */ = {isa = PBXBuildFile; fileRef = BB3FF853240EA6A200E5272D /* LaunchScreen.storyboard */; };
		BB3FF85D240EA6AB00E5272D /* Force.swift in Sources */ = {isa = PBXBuildFile; fileRef = BB3FF85C240EA6AB00E5272D /* Force.swift */; };
/* End PBXBuildFile section */

/* Begin PBXFileReference section */
		BB3FF845240EA6A200E5272D /* PoliceForce.app */ = {isa = PBXFileReference; explicitFileType = wrapper.application; includeInIndex = 0; path = PoliceForce.app; sourceTree = BUILT_PRODUCTS_DIR; };
		BB3FF848240EA6A200E5272D /* AppDelegate.swift */ = {isa = PBXFileReference; lastKnownFileType = sourcecode.swift; path = AppDelegate.swift; sourceTree = "<group>"; };
		BB3FF84A240EA6A200E5272D /* SceneDelegate.swift */ = {isa = PBXFileReference; lastKnownFileType = sourcecode.swift; path = SceneDelegate.swift; sourceTree = "<group>"; };
		BB3FF84C240EA6A200E5272D /* ViewController.swift */ = {isa = PBXFileReference; lastKnownFileType = sourcecode.swift; path = ViewController.swift; sourceTree = "<group>"; };
		BB3FF84F240EA6A200E5272D /* Base */ = {isa = PBXFileReference; lastKnownFileType = file.storyboard; name = Base; path = Base.lproj/Main.storyboard; sourceTree = "<group>"; };
		BB3FF851240EA6A200E5272D /* Assets.xcassets */ = {isa = PBXFileReference; lastKnownFileType = folder.assetcatalog; path = Assets.xcassets; sourceTree = "<group>"; };
		BB3FF854240EA6A200E5272D /* Base */ = {isa = PBXFileReference; lastKnownFileType = file.storyboard; name = Base; path = Base.lproj/LaunchScreen.storyboard; sourceTree = "<group>"; };
		BB3FF856240EA6A200E5272D /* Info.plist */ = {isa = PBXFileReference; lastKnownFileType = text.plist.xml; path = Info.plist; sourceTree = "<group>"; };
		BB3FF85C240EA6AB00E5272D /* Force.swift */ = {isa = PBXFileReference; lastKnownFileType = sourcecode.swift; path = Force.swift; sourceTree = "<group>"; };
/* End PBXFileReference section */

/* Begin PBXFrameworksBuildPhase section */
		BB3FF842240EA6A200E5272D /* Frameworks */ = {
			isa = PBXFrameworksBuildPhase;
			buildActionMask = 2147483647;
			files = (
			);
			runOnlyForDeploymentPostprocessing = 0;
		};
/* End PBXFrameworksBuildPhase section */

/* Begin PBXGroup section */
		BB3FF83C240EA6A200E5272D = {
			isa = PBXGroup;
			children = (
				BB3FF847240EA6A200E5272D /* PoliceForce */,
				BB3FF846240EA6A200E5272D /* Products */,
			);
			sourceTree = "<group>";
		};
		BB3FF846240EA6A200E5272D /* Products */ = {
			isa = PBXGroup;
			children = (
				BB3FF845240EA6A200E5272D /* PoliceForce.app */,
			);
			name = Products;
			sourceTree = "<group>";
		};
		BB3FF847240EA6A200E5272D /* PoliceForce */ = {
			isa = PBXGroup;
			children = (
				BB3FF848240EA6A200E5272D /* AppDelegate.swift */,
				BB3FF84A240EA6A200E5272D /* SceneDelegate.swift */,
				BB3FF84C240EA6A200E5272D /* ViewController.swift */,
				BB3FF84E240EA6A200E5272D /* Main.storyboard */,
				BB3FF851240EA6A200E5272D /* Assets.xcassets */,
				BB3FF853240EA6A200E5272D /* LaunchScreen.storyboard */,
				BB3FF856240EA6A200E5272D /* Info.plist */,
				BB3FF85C240EA6AB00E5272D /* Force.swift */,
			);
			path = PoliceForce;
			sourceTree = "<group>";
		};
/* End PBXGroup section */

/* Begin PBXNativeTarget section */
		BB3FF844240EA6A200E5272D /* PoliceForce */ = {
			isa = PBXNativeTarget;
			buildConfigurationList = BB3FF859240EA6A200E5272D /* Build configuration list for PBXNativeTarget "PoliceForce" */;
			buildPhases = (
				BB3FF841240EA6A200E5272D /* Sources */,
				BB3FF842240EA6A200E5272D /* Frameworks */,
				BB3FF843240EA6A200E5272D /* Resources */,
			);
			buildRules = (
			);
			dependencies = (
			);
			name = PoliceForce;
			productName = PoliceForce;
			productReference = BB3FF845240EA6A200E5272D /* PoliceForce.app */;
			productType = "com.apple.product-type.application";
		};
/* End PBXNativeTarget section */

/* Begin PBXProject section */
		BB3FF83D240EA6A200E5272D /* Project object */ = {
			isa = PBXProject;
			attributes = {
				LastSwiftUpdateCheck = 1130;
				LastUpgradeCheck = 1130;
				ORGANIZATIONNAME = "Andrew Muncey";
				TargetAttributes = {
					BB3FF844240EA6A200E5272D = {
						CreatedOnToolsVersion = 11.3.1;
					};
				};
			};
			buildConfigurationList = BB3FF840240EA6A200E5272D /* Build configuration list for PBXProject "PoliceForce" */;
			compatibilityVersion = "Xcode 9.3";
			developmentRegion = en;
			hasScannedForEncodings = 0;
			knownRegions = (
				en,
				Base,
			);
			mainGroup = BB3FF83C240EA6A200E5272D;
			productRefGroup = BB3FF846240EA6A200E5272D /* Products */;
			projectDirPath = "";
			projectRoot = "";
			targets = (
				BB3FF844240EA6A200E5272D /* PoliceForce */,
			);
		};
/* End PBXProject section */

/* Begin PBXResourcesBuildPhase section */
		BB3FF843240EA6A200E5272D /* Resources */ = {
			isa = PBXResourcesBuildPhase;
			buildActionMask = 2147483647;
			files = (
				BB3FF855240EA6A200E5272D /* LaunchScreen.storyboard in Resources */,
				BB3FF852240EA6A200E5272D /* Assets.xcassets in Resources */,
				BB3FF850240EA6A200E5272D /* Main.storyboard in Resources */,
			);
			runOnlyForDeploymentPostprocessing = 0;
		};
/* End PBXResourcesBuildPhase section */

/* Begin PBXSourcesBuildPhase section */
		BB3FF841240EA6A200E5272D /* Sources */ = {
			isa = PBXSourcesBuildPhase;
			buildActionMask = 2147483647;
			files = (
				BB3FF84D240EA6A200E5272D /* ViewController.swift in Sources */,
				BB3FF85D240EA6AB00E5272D /* Force.swift in Sources */,
				BB3FF849240EA6A200E5272D /* AppDelegate.swift in Sources */,
				BB3FF84B240EA6A200E5272D /* SceneDelegate.swift in Sources */,
			);
			runOnlyForDeploymentPostprocessing = 0;
		};
/* End PBXSourcesBuildPhase section */

/* Begin PBXVariantGroup section */
		BB3FF84E240EA6A200E5272D /* Main.storyboard */ = {
			isa = PBXVariantGroup;
			children = (
				BB3FF84F240EA6A200E5272D /* Base */,
			);
			name = Main.storyboard;
			sourceTree = "<group>";
		};
		BB3FF853240EA6A200E5272D /* LaunchScreen.storyboard */ = {
			isa = PBXVariantGroup;
			children = (
				BB3FF854240EA6A200E5272D /* Base */,
			);
			name = LaunchScreen.storyboard;
			sourceTree = "<group>";
		};
/* End PBXVariantGroup section */

/* Begin XCBuildConfiguration section */
		BB3FF857240EA6A200E5272D /* Debug */ = {
			isa = XCBuildConfiguration;
			buildSettings = {
				ALWAYS_SEARCH_USER_PATHS = NO;
				CLANG_ANALYZER_NONNULL = YES;
				CLANG_ANALYZER_NUMBER_OBJECT_CONVERSION = YES_AGGRESSIVE;
				CLANG_CXX_LANGUAGE_STANDARD = "gnu++14";
				CLANG_CXX_LIBRARY = "libc++";
				CLANG_ENABLE_MODULES = YES;
				CLANG_ENABLE_OBJC_ARC = YES;
				CLANG_ENABLE_OBJC_WEAK = YES;
				CLANG_WARN_BLOCK_CAPTURE_AUTORELEASING = YES;
				CLANG_WARN_BOOL_CONVERSION = YES;
				CLANG_WARN_COMMA = YES;
				CLANG_WARN_CONSTANT_CONVERSION = YES;
				CLANG_WARN_DEPRECATED_OBJC_IMPLEMENTATIONS = YES;
				CLANG_WARN_DIRECT_OBJC_ISA_USAGE = YES_ERROR;
				CLANG_WARN_DOCUMENTATION_COMMENTS = YES;
				CLANG_WARN_EMPTY_BODY = YES;
				CLANG_WARN_ENUM_CONVERSION = YES;
				CLANG_WARN_INFINITE_RECURSION = YES;
				CLANG_WARN_INT_CONVERSION = YES;
				CLANG_WARN_NON_LITERAL_NULL_CONVERSION = YES;
				CLANG_WARN_OBJC_IMPLICIT_RETAIN_SELF = YES;
				CLANG_WARN_OBJC_LITERAL_CONVERSION = YES;
				CLANG_WARN_OBJC_ROOT_CLASS = YES_ERROR;
				CLANG_WARN_RANGE_LOOP_ANALYSIS = YES;
				CLANG_WARN_STRICT_PROTOTYPES = YES;
				CLANG_WARN_SUSPICIOUS_MOVE = YES;
				CLANG_WARN_UNGUARDED_AVAILABILITY = YES_AGGRESSIVE;
				CLANG_WARN_UNREACHABLE_CODE = YES;
				CLANG_WARN__DUPLICATE_METHOD_MATCH = YES;
				COPY_PHASE_STRIP = NO;
				DEBUG_INFORMATION_FORMAT = dwarf;
				ENABLE_STRICT_OBJC_MSGSEND = YES;
				ENABLE_TESTABILITY = YES;
				GCC_C_LANGUAGE_STANDARD = gnu11;
				GCC_DYNAMIC_NO_PIC = NO;
				GCC_NO_COMMON_BLOCKS = YES;
				GCC_OPTIMIZATION_LEVEL = 0;
				GCC_PREPROCESSOR_DEFINITIONS = (
					"DEBUG=1",
					"$(inherited)",
				);
				GCC_WARN_64_TO_32_BIT_CONVERSION = YES;
				GCC_WARN_ABOUT_RETURN_TYPE = YES_ERROR;
				GCC_WARN_UNDECLARED_SELECTOR = YES;
				GCC_WARN_UNINITIALIZED_AUTOS = YES_AGGRESSIVE;
				GCC_WARN_UNUSED_FUNCTION = YES;
				GCC_WARN_UNUSED_VARIABLE = YES;
				IPHONEOS_DEPLOYMENT_TARGET = 13.2;
				MTL_ENABLE_DEBUG_INFO = INCLUDE_SOURCE;
				MTL_FAST_MATH = YES;
				ONLY_ACTIVE_ARCH = YES;
				SDKROOT = iphoneos;
				SWIFT_ACTIVE_COMPILATION_CONDITIONS = DEBUG;
				SWIFT_OPTIMIZATION_LEVEL = "-Onone";
			};
			name = Debug;
		};
		BB3FF858240EA6A200E5272D /* Release */ = {
			isa = XCBuildConfiguration;
			buildSettings = {
				ALWAYS_SEARCH_USER_PATHS = NO;
				CLANG_ANALYZER_NONNULL = YES;
				CLANG_ANALYZER_NUMBER_OBJECT_CONVERSION = YES_AGGRESSIVE;
				CLANG_CXX_LANGUAGE_STANDARD = "gnu++14";
				CLANG_CXX_LIBRARY = "libc++";
				CLANG_ENABLE_MODULES = YES;
				CLANG_ENABLE_OBJC_ARC = YES;
				CLANG_ENABLE_OBJC_WEAK = YES;
				CLANG_WARN_BLOCK_CAPTURE_AUTORELEASING = YES;
				CLANG_WARN_BOOL_CONVERSION = YES;
				CLANG_WARN_COMMA = YES;
				CLANG_WARN_CONSTANT_CONVERSION = YES;
				CLANG_WARN_DEPRECATED_OBJC_IMPLEMENTATIONS = YES;
				CLANG_WARN_DIRECT_OBJC_ISA_USAGE = YES_ERROR;
				CLANG_WARN_DOCUMENTATION_COMMENTS = YES;
				CLANG_WARN_EMPTY_BODY = YES;
				CLANG_WARN_ENUM_CONVERSION = YES;
				CLANG_WARN_INFINITE_RECURSION = YES;
				CLANG_WARN_INT_CONVERSION = YES;
				CLANG_WARN_NON_LITERAL_NULL_CONVERSION = YES;
				CLANG_WARN_OBJC_IMPLICIT_RETAIN_SELF = YES;
				CLANG_WARN_OBJC_LITERAL_CONVERSION = YES;
				CLANG_WARN_OBJC_ROOT_CLASS = YES_ERROR;
				CLANG_WARN_RANGE_LOOP_ANALYSIS = YES;
				CLANG_WARN_STRICT_PROTOTYPES = YES;
				CLANG_WARN_SUSPICIOUS_MOVE = YES;
				CLANG_WARN_UNGUARDED_AVAILABILITY = YES_AGGRESSIVE;
				CLANG_WARN_UNREACHABLE_CODE = YES;
				CLANG_WARN__DUPLICATE_METHOD_MATCH = YES;
				COPY_PHASE_STRIP = NO;
				DEBUG_INFORMATION_FORMAT = "dwarf-with-dsym";
				ENABLE_NS_ASSERTIONS = NO;
				ENABLE_STRICT_OBJC_MSGSEND = YES;
				GCC_C_LANGUAGE_STANDARD = gnu11;
				GCC_NO_COMMON_BLOCKS = YES;
				GCC_WARN_64_TO_32_BIT_CONVERSION = YES;
				GCC_WARN_ABOUT_RETURN_TYPE = YES_ERROR;
				GCC_WARN_UNDECLARED_SELECTOR = YES;
				GCC_WARN_UNINITIALIZED_AUTOS = YES_AGGRESSIVE;
				GCC_WARN_UNUSED_FUNCTION = YES;
				GCC_WARN_UNUSED_VARIABLE = YES;
				IPHONEOS_DEPLOYMENT_TARGET = 13.2;
				MTL_ENABLE_DEBUG_INFO = NO;
				MTL_FAST_MATH = YES;
				SDKROOT = iphoneos;
				SWIFT_COMPILATION_MODE = wholemodule;
				SWIFT_OPTIMIZATION_LEVEL = "-O";
				VALIDATE_PRODUCT = YES;
			};
			name = Release;
		};
		BB3FF85A240EA6A200E5272D /* Debug */ = {
			isa = XCBuildConfiguration;
			buildSettings = {
				ASSETCATALOG_COMPILER_APPICON_NAME = AppIcon;
				CODE_SIGN_STYLE = Automatic;
				INFOPLIST_FILE = PoliceForce/Info.plist;
				LD_RUNPATH_SEARCH_PATHS = (
					"$(inherited)",
					"@executable_path/Frameworks",
				);
				PRODUCT_BUNDLE_IDENTIFIER = uk.ac.chester.PoliceForce;
				PRODUCT_NAME = "$(TARGET_NAME)";
				SWIFT_VERSION = 5.0;
				TARGETED_DEVICE_FAMILY = "1,2";
			};
			name = Debug;
		};
		BB3FF85B240EA6A200E5272D /* Release */ = {
			isa = XCBuildConfiguration;
			buildSettings = {
				ASSETCATALOG_COMPILER_APPICON_NAME = AppIcon;
				CODE_SIGN_STYLE = Automatic;
				INFOPLIST_FILE = PoliceForce/Info.plist;
				LD_RUNPATH_SEARCH_PATHS = (
					"$(inherited)",
					"@executable_path/Frameworks",
				);
				PRODUCT_BUNDLE_IDENTIFIER = uk.ac.chester.PoliceForce;
				PRODUCT_NAME = "$(TARGET_NAME)";
				SWIFT_VERSION = 5.0;
				TARGETED_DEVICE_FAMILY = "1,2";
			};
			name = Release;
		};
/* End XCBuildConfiguration section */

/* Begin XCConfigurationList section */
		BB3FF840240EA6A200E5272D /* Build configuration list for PBXProject "PoliceForce" */ = {
			isa = XCConfigurationList;
			buildConfigurations = (
				BB3FF857240EA6A200E5272D /* Debug */,
				BB3FF858240EA6A200E5272D /* Release */,
			);
			defaultConfigurationIsVisible = 0;
			defaultConfigurationName = Release;
		};
		BB3FF859240EA6A200E5272D /* Build configuration list for PBXNativeTarget "PoliceForce" */ = {
			isa = XCConfigurationList;
			buildConfigurations = (
				BB3FF85A240EA6A200E5272D /* Debug */,
				BB3FF85B240EA6A200E5272D /* Release */,
			);
			defaultConfigurationIsVisible = 0;
			defaultConfigurationName = Release;
		};
/* End XCConfigurationList section */
	};
	rootObject = BB3FF83D240EA6A200E5272D /* Project object */;
}
